{
  "name": "@dustjs/conduit-linux-agent",
  "version": "0.1.1",
  "lockfileVersion": 1,
  "requires": true,
  "dependencies": {
    "async-limiter": {
      "version": "1.0.1",
      "resolved": "https://registry.npmjs.org/async-limiter/-/async-limiter-1.0.1.tgz",
      "integrity": "sha512-csOlWGAcRFJaI6m+F2WKdnMKr4HhdhFVBk0H/QbJFMCr+uO2kwohwXQPxw/9OCxp05r5ghVBFSyioixx3gfkNQ=="
    },
    "clone-deep": {
      "version": "4.0.1",
      "resolved": "https://registry.npmjs.org/clone-deep/-/clone-deep-4.0.1.tgz",
      "integrity": "sha512-neHB9xuzh/wk0dIHweyAXv2aPGZIVk3pLMe+/RNzINf17fe0OG96QroktYAUm7SM1PBnzTabaLboqqxDyMU+SQ==",
      "requires": {
        "is-plain-object": "^2.0.4",
        "kind-of": "^6.0.2",
        "shallow-clone": "^3.0.0"
      }
    },
    "ejson": {
      "version": "2.2.0",
      "resolved": "https://registry.npmjs.org/ejson/-/ejson-2.2.0.tgz",
      "integrity": "sha512-kWa0AKAxDhmr4t6c4pgQqk6yL52/M67xOMh60HRnAeydzo5QIxOitN5bE1+e0rbdnxfly7FTB9e2Ny0ypLMbag=="
    },
    "is-plain-object": {
      "version": "2.0.4",
      "resolved": "https://registry.npmjs.org/is-plain-object/-/is-plain-object-2.0.4.tgz",
      "integrity": "sha512-h5PpgXkWitc38BBMYawTYMWJHFZJVnBquFE57xFpjB8pJFiF6gZ+bU+WyI/yqXiFR5mdLsgYNaPe8uao6Uv9Og==",
      "requires": {
        "isobject": "^3.0.1"
      }
    },
    "isobject": {
      "version": "3.0.1",
      "resolved": "https://registry.npmjs.org/isobject/-/isobject-3.0.1.tgz",
      "integrity": "sha1-TkMekrEalzFjaqH5yNHMvP2reN8="
    },
    "kind-of": {
      "version": "6.0.2",
      "resolved": "https://registry.npmjs.org/kind-of/-/kind-of-6.0.2.tgz",
      "integrity": "sha512-s5kLOcnH0XqDO+FvuaLX8DDjZ18CGFk7VygH40QoKPUQhW4e2rvM0rwUq0t8IQDOwYSeLK01U90OjzBTme2QqA=="
    },
    "shallow-clone": {
      "version": "3.0.1",
      "resolved": "https://registry.npmjs.org/shallow-clone/-/shallow-clone-3.0.1.tgz",
      "integrity": "sha512-/6KqX+GVUdqPuPPd2LxDDxzX6CAbjJehAAOKlNpqqUpAqPM6HeL8f+o3a+JsyGjn2lv0WY8UsTgUJjU9Ok55NA==",
      "requires": {
        "kind-of": "^6.0.2"
      }
    },
    "simpleddp": {
      "version": "2.2.4",
      "resolved": "https://registry.npmjs.org/simpleddp/-/simpleddp-2.2.4.tgz",
      "integrity": "sha512-VnsORlr1TPOqHyHjJXPoh5UYM6A30WAZVzxvxzCa3ShlxDjQfIO0dtmHKnr6eE5UnMffzcYnLaLXmp352zBsEg==",
      "requires": {
        "clone-deep": "^4.0.1",
        "ejson": "^2.2.0",
        "simpleddp-core": "^1.0.6"
      }
    },
    "simpleddp-core": {
      "version": "1.0.6",
      "resolved": "https://registry.npmjs.org/simpleddp-core/-/simpleddp-core-1.0.6.tgz",
      "integrity": "sha512-ImVD26ufpGN8n4awbvgTGlcRuJOn3q+eMdaSZWqnwQGcECLsthmizjVprfBSvRixl/cXWaQn5CoBXn9KNInjEQ==",
      "requires": {
        "ejson": "^2.1.2",
        "wolfy87-eventemitter": "^5.2.5"
      }
    },
    "wolfy87-eventemitter": {
      "version": "5.2.8",
      "resolved": "https://registry.npmjs.org/wolfy87-eventemitter/-/wolfy87-eventemitter-5.2.8.tgz",
      "integrity": "sha512-Z+wAU9SyuOZgFj22zBl8sg0auJOkrKBZl8TTlEM5dRDDs2zPtlm72vPJUIlf6tUJ4w2JLgrF7VznRnQHP+Rn/Q=="
    },
    "ws": {
      "version": "7.1.2",
      "resolved": "https://registry.npmjs.org/ws/-/ws-7.1.2.tgz",
      "integrity": "sha512-gftXq3XI81cJCgkUiAVixA0raD9IVmXqsylCrjRygw4+UOOGzPoxnQ6r/CnVL9i+mDncJo94tSkyrtuuQVBmrg==",
      "requires": {
        "async-limiter": "^1.0.0"
      }
    }
  }
}
